
Microsoft Visual Studio Solution File, Format Version 12.00
# Visual Studio Version 17
VisualStudioVersion = 17.8.34316.72
MinimumVisualStudioVersion = 10.0.40219.1
Project("{FAE04EC0-301F-11D3-BF4B-00C04F79EFBC}") = "Assessement 1 Part A - Design", "Assessement 1 Part A - Design\Assessement 1 Part A - Design.csproj", "{A838BFBD-114B-4541-824C-E34989020A60}"
EndProject
Global
	GlobalSection(SolutionConfigurationPlatforms) = preSolution
		Debug|Any CPU = Debug|Any CPU
		Release|Any CPU = Release|Any CPU
	EndGlobalSection
	GlobalSection(ProjectConfigurationPlatforms) = postSolution
		{A838BFBD-114B-4541-824C-E34989020A60}.Debug|Any CPU.ActiveCfg = Debug|Any CPU
		{A838BFBD-114B-4541-824C-E34989020A60}.Debug|Any CPU.Build.0 = Debug|Any CPU
		{A838BFBD-114B-4541-824C-E34989020A60}.Release|Any CPU.ActiveCfg = Release|Any CPU
		{A838BFBD-114B-4541-824C-E34989020A60}.Release|Any CPU.Build.0 = Release|Any CPU
	EndGlobalSection
	GlobalSection(SolutionProperties) = preSolution
		HideSolutionNode = FALSE
	EndGlobalSection
	GlobalSection(ExtensibilityGlobals) = postSolution
		SolutionGuid = {8BB64071-26B6-429C-80E2-31FF7D84387A}
	EndGlobalSection
EndGlobal
